// !$*UTF8*$!
{
	archiveVersion = 1;
	classes = {
	};
	objectVersion = 77;
	objects = {

/* Begin PBXContainerItemProxy section */
		35B691832F1068A70027EC7A /* PBXContainerItemProxy */ = {
			isa = PBXContainerItemProxy;
			containerPortal = 354924942EA9492500A3BFCC /* Project object */;
			proxyType = 1;
			remoteGlobalIDString = 3549249B2EA9492500A3BFCC;
			remoteInfo = HabitApp;
		};
		35EC42F32F0D9C6000FA119B /* PBXContainerItemProxy */ = {
			isa = PBXContainerItemProxy;
			containerPortal = 354924942EA9492500A3BFCC /* Project object */;
			proxyType = 1;
			remoteGlobalIDString = 35EC42D02F0D982800FA119B;
			remoteInfo = "HabitApp-Core";
		};
		35EC430B2F0D9C8D00FA119B /* PBXContainerItemProxy */ = {
			isa = PBXContainerItemProxy;
			containerPortal = 354924942EA9492500A3BFCC /* Project object */;
			proxyType = 1;
			remoteGlobalIDString = 35EC42D92F0D982A00FA119B;
			remoteInfo = "HabitApp-Standard";
		};
/* End PBXContainerItemProxy section */

/* Begin PBXFileReference section */
		3549249C2EA9492500A3BFCC /* HabitApp.app */ = {isa = PBXFileReference; explicitFileType = wrapper.application; includeInIndex = 0; path = HabitApp.app; sourceTree = BUILT_PRODUCTS_DIR; };
		35B6B2612F13E6130027EC7A /* Desktop */ = {isa = PBXFileReference; lastKnownFileType = folder; name = Desktop; path = ../../..; sourceTree = "<group>"; };
		35B6B2622F13E61D0027EC7A /* habitapp7 */ = {isa = PBXFileReference; lastKnownFileType = folder; name = habitapp7; path = ../..; sourceTree = "<group>"; };
		35B6B2632F13E6340027EC7A /* Common */ = {isa = PBXFileReference; lastKnownFileType = folder; name = Common; path = HabitAppTests/Common; sourceTree = "<group>"; };
		35B6B2642F13E6560027EC7A /* __MACOSX */ = {isa = PBXFileReference; lastKnownFileType = folder; name = __MACOSX; path = ../../__MACOSX; sourceTree = "<group>"; };
		35EC42D72F0D982800FA119B /* HabitApp-Core.app */ = {isa = PBXFileReference; explicitFileType = wrapper.application; includeInIndex = 0; path = "HabitApp-Core.app"; sourceTree = BUILT_PRODUCTS_DIR; };
		35EC42E02F0D982A00FA119B /* HabitApp-Standard.app */ = {isa = PBXFileReference; explicitFileType = wrapper.application; includeInIndex = 0; path = "HabitApp-Standard.app"; sourceTree = BUILT_PRODUCTS_DIR; };
		35EC42EF2F0D9C6000FA119B /* HabitAppCoreTests.xctest */ = {isa = PBXFileReference; explicitFileType = wrapper.cfbundle; includeInIndex = 0; path = HabitAppCoreTests.xctest; sourceTree = BUILT_PRODUCTS_DIR; };
		35EC43072F0D9C8D00FA119B /* HabitAppStandardTests.xctest */ = {isa = PBXFileReference; explicitFileType = wrapper.cfbundle; includeInIndex = 0; path = HabitAppStandardTests.xctest; sourceTree = BUILT_PRODUCTS_DIR; };
		35EC43142F0D9CAA00FA119B /* HabitAppPremiumTests.xctest */ = {isa = PBXFileReference; explicitFileType = wrapper.cfbundle; includeInIndex = 0; path = HabitAppPremiumTests.xctest; sourceTree = BUILT_PRODUCTS_DIR; };
/* End PBXFileReference section */

/* Begin PBXFileSystemSynchronizedBuildFileExceptionSet section */
		35B6936E2F106C260027EC7A /* Exceptions for "HabitAppTests" folder in "HabitApp" target */ = {
			isa = PBXFileSystemSynchronizedBuildFileExceptionSet;
			membershipExceptions = (
				Common/HabitAppTest.swift,
				Common/HabitListViewModelTest.swift,
				Common/HabitTest.swift,
				CoreUITests/CoreUITests.swift,
				CoreVersion/CoreTests.swift,
				PremiumUITests/PremiumUITests.swift,
				PremiumVersion/ExpandedFrequencyTest.swift,
				PremiumVersion/HabitTypeTest.swift,
				PremiumVersion/PauseDayTest.swift,
				PremiumVersion/PremiumTests.swift,
				StandardUITests/CategoryUITests.swift,
				StandardUITests/StandardUITests.swift,
				StandardVersion/CategoryTest.swift,
				StandardVersion/DiaryTest.swift,
				StandardVersion/DiaryViewModelTest.swift,
				StandardVersion/ReminderManagerTest.swift,
				StandardVersion/StandardTests.swift,
				StandardVersion/StatsViewModelTest.swift,
				StandardVersion/StreakTest.swift,
			);
			target = 3549249B2EA9492500A3BFCC /* HabitApp */;
		};
		35B6936F2F106C260027EC7A /* Exceptions for "HabitAppTests" folder in "HabitApp-Core" target */ = {
			isa = PBXFileSystemSynchronizedBuildFileExceptionSet;
			membershipExceptions = (
				Common/HabitAppTest.swift,
				Common/HabitListViewModelTest.swift,
				Common/HabitTest.swift,
				CoreUITests/CoreUITests.swift,
				CoreVersion/CoreTests.swift,
				PremiumUITests/PremiumUITests.swift,
				PremiumVersion/ExpandedFrequencyTest.swift,
				PremiumVersion/HabitTypeTest.swift,
				PremiumVersion/PauseDayTest.swift,
				PremiumVersion/PremiumTests.swift,
				StandardUITests/CategoryUITests.swift,
				StandardUITests/StandardUITests.swift,
				StandardVersion/CategoryTest.swift,
				StandardVersion/DiaryTest.swift,
				StandardVersion/DiaryViewModelTest.swift,
				StandardVersion/ReminderManagerTest.swift,
				StandardVersion/StandardTests.swift,
				StandardVersion/StatsViewModelTest.swift,
				StandardVersion/StreakTest.swift,
			);
			target = 35EC42D02F0D982800FA119B /* HabitApp-Core */;
		};
		35B693702F106C260027EC7A /* Exceptions for "HabitAppTests" folder in "HabitApp-Standard" target */ = {
			isa = PBXFileSystemSynchronizedBuildFileExceptionSet;
			membershipExceptions = (
				Common/HabitAppTest.swift,
				Common/HabitListViewModelTest.swift,
				Common/HabitTest.swift,
				CoreUITests/CoreUITests.swift,
				CoreVersion/CoreTests.swift,
				PremiumUITests/PremiumUITests.swift,
				PremiumVersion/ExpandedFrequencyTest.swift,
				PremiumVersion/HabitTypeTest.swift,
				PremiumVersion/PauseDayTest.swift,
				PremiumVersion/PremiumTests.swift,
				StandardUITests/CategoryUITests.swift,
				StandardUITests/StandardUITests.swift,
				StandardVersion/CategoryTest.swift,
				StandardVersion/DiaryTest.swift,
				StandardVersion/DiaryViewModelTest.swift,
				StandardVersion/ReminderManagerTest.swift,
				StandardVersion/StandardTests.swift,
				StandardVersion/StatsViewModelTest.swift,
				StandardVersion/StreakTest.swift,
			);
			target = 35EC42D92F0D982A00FA119B /* HabitApp-Standard */;
		};
		35B693712F106C260027EC7A /* Exceptions for "HabitAppTests" folder in "HabitAppCoreTests" target */ = {
			isa = PBXFileSystemSynchronizedBuildFileExceptionSet;
			membershipExceptions = (
				Common/HabitAppTest.swift,
				Common/HabitListViewModelTest.swift,
				Common/HabitTest.swift,
				CoreUITests/CoreUITests.swift,
				CoreVersion/CoreTests.swift,
			);
			target = 35EC42EE2F0D9C6000FA119B /* HabitAppCoreTests */;
		};
		35B693722F106C260027EC7A /* Exceptions for "HabitAppTests" folder in "HabitAppStandardTests" target */ = {
			isa = PBXFileSystemSynchronizedBuildFileExceptionSet;
			membershipExceptions = (
				Common/HabitAppTest.swift,
				Common/HabitListViewModelTest.swift,
				Common/HabitTest.swift,
				CoreUITests/CoreUITests.swift,
				CoreVersion/CoreTests.swift,
				StandardUITests/CategoryUITests.swift,
				StandardUITests/StandardUITests.swift,
				StandardVersion/CategoryTest.swift,
				StandardVersion/DiaryTest.swift,
				StandardVersion/DiaryViewModelTest.swift,
				StandardVersion/ReminderManagerTest.swift,
				StandardVersion/StandardTests.swift,
				StandardVersion/StatsViewModelTest.swift,
				StandardVersion/StreakTest.swift,
			);
			target = 35EC43062F0D9C8D00FA119B /* HabitAppStandardTests */;
		};
		35B693732F106C260027EC7A /* Exceptions for "HabitAppTests" folder in "HabitAppPremiumTests" target */ = {
			isa = PBXFileSystemSynchronizedBuildFileExceptionSet;
			membershipExceptions = (
				Common/HabitAppTest.swift,
				Common/HabitListViewModelTest.swift,
				Common/HabitTest.swift,
				CoreUITests/CoreUITests.swift,
				CoreVersion/CoreTests.swift,
				PremiumUITests/PremiumUITests.swift,
				PremiumVersion/ExpandedFrequencyTest.swift,
				PremiumVersion/HabitTypeTest.swift,
				PremiumVersion/PauseDayTest.swift,
				PremiumVersion/PremiumTests.swift,
				StandardUITests/CategoryUITests.swift,
				StandardUITests/StandardUITests.swift,
				StandardVersion/CategoryTest.swift,
				StandardVersion/DiaryTest.swift,
				StandardVersion/DiaryViewModelTest.swift,
				StandardVersion/ReminderManagerTest.swift,
				StandardVersion/StandardTests.swift,
				StandardVersion/StatsViewModelTest.swift,
				StandardVersion/StreakTest.swift,
			);
			target = 35EC43132F0D9CAA00FA119B /* HabitAppPremiumTests */;
		};
		35EC42D82F0D982900FA119B /* Exceptions for "HabitApp" folder in "HabitApp-Core" target */ = {
			isa = PBXFileSystemSynchronizedBuildFileExceptionSet;
			membershipExceptions = (
				Assets.xcassets,
				Features/Category/CAMBIOS_REALIZADOS.md,
				Features/Category/USAGE_GUIDE.md,
				Features/NM_ExpandedFrequency/ExpandedFrequencyPlugin.swift,
				Features/NM_ExpandedFrequency/Explicacion.txt,
				Features/NM_ExpandedFrequency/Models/ExpandedFrequency.swift,
				Features/NM_ExpandedFrequency/ViewModels/ExpandedFrequencyViewModel.swift,
				Features/NM_ExpandedFrequency/Views/AddictionCompletionView.swift,
				Features/NM_ExpandedFrequency/Views/FrequencySelectionView.swift,
				Features/NM_PauseDay/CalendarPauseDayStyleProvider.swift,
				Features/NM_PauseDay/Models/PauseDays.swift,
				Features/NM_PauseDay/PauseDayPlugin.swift,
				Features/NM_PauseDay/ViewModels/PauseDayViewModel.swift,
				Features/NM_PauseDay/Views/PauseDayRowButton.swift,
				Features/NM_PauseDay/Views/PauseDaySelectionView.swift,
				Features/NM_Type/HabitTypePlugin.swift,
				Features/NM_Type/Models/HabitType.swift,
				Features/NM_Type/ViewModels/HabitCompletionViewModel.swift,
				Features/NM_Type/ViewModels/HabitTypeViewModel.swift,
				Features/NM_Type/Views/HabitTypeCompletionView.swift,
				Features/NM_Type/Views/HabitTypeSelectionView.swift,
			);
			target = 35EC42D02F0D982800FA119B /* HabitApp-Core */;
		};
		35EC42E12F0D982A00FA119B /* Exceptions for "HabitApp" folder in "HabitApp-Standard" target */ = {
			isa = PBXFileSystemSynchronizedBuildFileExceptionSet;
			membershipExceptions = (
				Assets.xcassets,
				Features/Category/CAMBIOS_REALIZADOS.md,
				Features/Category/USAGE_GUIDE.md,
				Features/NM_ExpandedFrequency/ExpandedFrequencyPlugin.swift,
				Features/NM_ExpandedFrequency/Explicacion.txt,
				Features/NM_ExpandedFrequency/Models/ExpandedFrequency.swift,
				Features/NM_ExpandedFrequency/ViewModels/ExpandedFrequencyViewModel.swift,
				Features/NM_ExpandedFrequency/Views/AddictionCompletionView.swift,
				Features/NM_ExpandedFrequency/Views/FrequencySelectionView.swift,
				Features/NM_PauseDay/CalendarPauseDayStyleProvider.swift,
				Features/NM_PauseDay/Models/PauseDays.swift,
				Features/NM_PauseDay/PauseDayPlugin.swift,
				Features/NM_PauseDay/ViewModels/PauseDayViewModel.swift,
				Features/NM_PauseDay/Views/PauseDayRowButton.swift,
				Features/NM_PauseDay/Views/PauseDaySelectionView.swift,
				Features/NM_Type/HabitTypePlugin.swift,
				Features/NM_Type/Models/HabitType.swift,
				Features/NM_Type/ViewModels/HabitCompletionViewModel.swift,
				Features/NM_Type/ViewModels/HabitTypeViewModel.swift,
				Features/NM_Type/Views/HabitTypeCompletionView.swift,
				Features/NM_Type/Views/HabitTypeSelectionView.swift,
			);
			target = 35EC42D92F0D982A00FA119B /* HabitApp-Standard */;
		};
/* End PBXFileSystemSynchronizedBuildFileExceptionSet section */

/* Begin PBXFileSystemSynchronizedGroupBuildPhaseMembershipExceptionSet section */
		35B691802F1065C00027EC7A /* Exceptions for "HabitApp" folder in "Compile Sources" phase from "HabitApp-Standard" target */ = {
			isa = PBXFileSystemSynchronizedGroupBuildPhaseMembershipExceptionSet;
			buildPhase = 35EC42DA2F0D982A00FA119B /* Sources */;
			membershipExceptions = (
				Assets.xcassets,
			);
		};
		35B691822F1065C90027EC7A /* Exceptions for "HabitApp" folder in "Compile Sources" phase from "HabitApp-Core" target */ = {
			isa = PBXFileSystemSynchronizedGroupBuildPhaseMembershipExceptionSet;
			buildPhase = 35EC42D12F0D982800FA119B /* Sources */;
			membershipExceptions = (
				Assets.xcassets,
			);
		};
/* End PBXFileSystemSynchronizedGroupBuildPhaseMembershipExceptionSet section */

/* Begin PBXFileSystemSynchronizedRootGroup section */
		3549249E2EA9492500A3BFCC /* HabitApp */ = {
			isa = PBXFileSystemSynchronizedRootGroup;
			exceptions = (
				35EC42D82F0D982900FA119B /* Exceptions for "HabitApp" folder in "HabitApp-Core" target */,
				35B691822F1065C90027EC7A /* Exceptions for "HabitApp" folder in "Compile Sources" phase from "HabitApp-Core" target */,
				35EC42E12F0D982A00FA119B /* Exceptions for "HabitApp" folder in "HabitApp-Standard" target */,
				35B691802F1065C00027EC7A /* Exceptions for "HabitApp" folder in "Compile Sources" phase from "HabitApp-Standard" target */,
			);
			path = HabitApp;
			sourceTree = "<group>";
		};
		35B693412F106C260027EC7A /* HabitAppTests */ = {
			isa = PBXFileSystemSynchronizedRootGroup;
			exceptions = (
				35B6936E2F106C260027EC7A /* Exceptions for "HabitAppTests" folder in "HabitApp" target */,
				35B6936F2F106C260027EC7A /* Exceptions for "HabitAppTests" folder in "HabitApp-Core" target */,
				35B693702F106C260027EC7A /* Exceptions for "HabitAppTests" folder in "HabitApp-Standard" target */,
				35B693712F106C260027EC7A /* Exceptions for "HabitAppTests" folder in "HabitAppCoreTests" target */,
				35B693722F106C260027EC7A /* Exceptions for "HabitAppTests" folder in "HabitAppStandardTests" target */,
				35B693732F106C260027EC7A /* Exceptions for "HabitAppTests" folder in "HabitAppPremiumTests" target */,
			);
			path = HabitAppTests;
			sourceTree = "<group>";
		};
/* End PBXFileSystemSynchronizedRootGroup section */

/* Begin PBXFrameworksBuildPhase section */
		354924992EA9492500A3BFCC /* Frameworks */ = {
			isa = PBXFrameworksBuildPhase;
			buildActionMask = 2147483647;
			files = (
			);
			runOnlyForDeploymentPostprocessing = 0;
		};
		35EC42D22F0D982800FA119B /* Frameworks */ = {
			isa = PBXFrameworksBuildPhase;
			buildActionMask = 2147483647;
			files = (
			);
			runOnlyForDeploymentPostprocessing = 0;
		};
		35EC42DB2F0D982A00FA119B /* Frameworks */ = {
			isa = PBXFrameworksBuildPhase;
			buildActionMask = 2147483647;
			files = (
			);
			runOnlyForDeploymentPostprocessing = 0;
		};
		35EC42EC2F0D9C6000FA119B /* Frameworks */ = {
			isa = PBXFrameworksBuildPhase;
			buildActionMask = 2147483647;
			files = (
			);
			runOnlyForDeploymentPostprocessing = 0;
		};
		35EC43042F0D9C8D00FA119B /* Frameworks */ = {
			isa = PBXFrameworksBuildPhase;
			buildActionMask = 2147483647;
			files = (
			);
			runOnlyForDeploymentPostprocessing = 0;
		};
		35EC43112F0D9CAA00FA119B /* Frameworks */ = {
			isa = PBXFrameworksBuildPhase;
			buildActionMask = 2147483647;
			files = (
			);
			runOnlyForDeploymentPostprocessing = 0;
		};
/* End PBXFrameworksBuildPhase section */

/* Begin PBXGroup section */
		354924932EA9492500A3BFCC = {
			isa = PBXGroup;
			children = (
				35B6B2642F13E6560027EC7A /* __MACOSX */,
				35B6B2632F13E6340027EC7A /* Common */,
				35B6B2622F13E61D0027EC7A /* habitapp7 */,
				35B6B2612F13E6130027EC7A /* Desktop */,
				3549249E2EA9492500A3BFCC /* HabitApp */,
				35B693412F106C260027EC7A /* HabitAppTests */,
				3549249D2EA9492500A3BFCC /* Products */,
			);
			sourceTree = "<group>";
		};
		3549249D2EA9492500A3BFCC /* Products */ = {
			isa = PBXGroup;
			children = (
				3549249C2EA9492500A3BFCC /* HabitApp.app */,
				35EC42D72F0D982800FA119B /* HabitApp-Core.app */,
				35EC42E02F0D982A00FA119B /* HabitApp-Standard.app */,
				35EC42EF2F0D9C6000FA119B /* HabitAppCoreTests.xctest */,
				35EC43072F0D9C8D00FA119B /* HabitAppStandardTests.xctest */,
				35EC43142F0D9CAA00FA119B /* HabitAppPremiumTests.xctest */,
			);
			name = Products;
			sourceTree = "<group>";
		};
/* End PBXGroup section */

/* Begin PBXNativeTarget section */
		3549249B2EA9492500A3BFCC /* HabitApp */ = {
			isa = PBXNativeTarget;
			buildConfigurationList = 354924A72EA9492700A3BFCC /* Build configuration list for PBXNativeTarget "HabitApp" */;
			buildPhases = (
				354924982EA9492500A3BFCC /* Sources */,
				354924992EA9492500A3BFCC /* Frameworks */,
				3549249A2EA9492500A3BFCC /* Resources */,
			);
			buildRules = (
			);
			dependencies = (
			);
			fileSystemSynchronizedGroups = (
				3549249E2EA9492500A3BFCC /* HabitApp */,
				35B693412F106C260027EC7A /* HabitAppTests */,
			);
			name = HabitApp;
			packageProductDependencies = (
			);
			productName = HabitApp;
			productReference = 3549249C2EA9492500A3BFCC /* HabitApp.app */;
			productType = "com.apple.product-type.application";
		};
		35EC42D02F0D982800FA119B /* HabitApp-Core */ = {
			isa = PBXNativeTarget;
			buildConfigurationList = 35EC42D42F0D982800FA119B /* Build configuration list for PBXNativeTarget "HabitApp-Core" */;
			buildPhases = (
				35EC42D12F0D982800FA119B /* Sources */,
				35EC42D22F0D982800FA119B /* Frameworks */,
				35EC42D32F0D982800FA119B /* Resources */,
			);
			buildRules = (
			);
			dependencies = (
			);
			fileSystemSynchronizedGroups = (
				3549249E2EA9492500A3BFCC /* HabitApp */,
				35B693412F106C260027EC7A /* HabitAppTests */,
			);
			name = "HabitApp-Core";
			packageProductDependencies = (
			);
			productName = HabitApp;
			productReference = 35EC42D72F0D982800FA119B /* HabitApp-Core.app */;
			productType = "com.apple.product-type.application";
		};
		35EC42D92F0D982A00FA119B /* HabitApp-Standard */ = {
			isa = PBXNativeTarget;
			buildConfigurationList = 35EC42DD2F0D982A00FA119B /* Build configuration list for PBXNativeTarget "HabitApp-Standard" */;
			buildPhases = (
				35EC42DA2F0D982A00FA119B /* Sources */,
				35EC42DB2F0D982A00FA119B /* Frameworks */,
				35EC42DC2F0D982A00FA119B /* Resources */,
			);
			buildRules = (
			);
			dependencies = (
			);
			fileSystemSynchronizedGroups = (
				3549249E2EA9492500A3BFCC /* HabitApp */,
				35B693412F106C260027EC7A /* HabitAppTests */,
			);
			name = "HabitApp-Standard";
			packageProductDependencies = (
			);
			productName = HabitApp;
			productReference = 35EC42E02F0D982A00FA119B /* HabitApp-Standard.app */;
			productType = "com.apple.product-type.application";
		};
		35EC42EE2F0D9C6000FA119B /* HabitAppCoreTests */ = {
			isa = PBXNativeTarget;
			buildConfigurationList = 35EC42F52F0D9C6000FA119B /* Build configuration list for PBXNativeTarget "HabitAppCoreTests" */;
			buildPhases = (
				35EC42EB2F0D9C6000FA119B /* Sources */,
				35EC42EC2F0D9C6000FA119B /* Frameworks */,
				35EC42ED2F0D9C6000FA119B /* Resources */,
			);
			buildRules = (
			);
			dependencies = (
				35EC42F42F0D9C6000FA119B /* PBXTargetDependency */,
			);
			name = HabitAppCoreTests;
			packageProductDependencies = (
			);
			productName = HabitAppCoreTests;
			productReference = 35EC42EF2F0D9C6000FA119B /* HabitAppCoreTests.xctest */;
			productType = "com.apple.product-type.bundle.unit-test";
		};
		35EC43062F0D9C8D00FA119B /* HabitAppStandardTests */ = {
			isa = PBXNativeTarget;
			buildConfigurationList = 35EC430D2F0D9C8D00FA119B /* Build configuration list for PBXNativeTarget "HabitAppStandardTests" */;
			buildPhases = (
				35EC43032F0D9C8D00FA119B /* Sources */,
				35EC43042F0D9C8D00FA119B /* Frameworks */,
				35EC43052F0D9C8D00FA119B /* Resources */,
			);
			buildRules = (
			);
			dependencies = (
				35EC430C2F0D9C8D00FA119B /* PBXTargetDependency */,
			);
			name = HabitAppStandardTests;
			packageProductDependencies = (
			);
			productName = HabitAppStandardTests;
			productReference = 35EC43072F0D9C8D00FA119B /* HabitAppStandardTests.xctest */;
			productType = "com.apple.product-type.bundle.unit-test";
		};
		35EC43132F0D9CAA00FA119B /* HabitAppPremiumTests */ = {
			isa = PBXNativeTarget;
			buildConfigurationList = 35EC431A2F0D9CAA00FA119B /* Build configuration list for PBXNativeTarget "HabitAppPremiumTests" */;
			buildPhases = (
				35EC43102F0D9CAA00FA119B /* Sources */,
				35EC43112F0D9CAA00FA119B /* Frameworks */,
				35EC43122F0D9CAA00FA119B /* Resources */,
			);
			buildRules = (
			);
			dependencies = (
				35B691842F1068A70027EC7A /* PBXTargetDependency */,
			);
			name = HabitAppPremiumTests;
			packageProductDependencies = (
			);
			productName = HabitAppPremiumTests;
			productReference = 35EC43142F0D9CAA00FA119B /* HabitAppPremiumTests.xctest */;
			productType = "com.apple.product-type.bundle.unit-test";
		};
/* End PBXNativeTarget section */

/* Begin PBXProject section */
		354924942EA9492500A3BFCC /* Project object */ = {
			isa = PBXProject;
			attributes = {
				BuildIndependentTargetsInParallel = 1;
				LastSwiftUpdateCheck = 2600;
				LastUpgradeCheck = 2600;
				TargetAttributes = {
					3549249B2EA9492500A3BFCC = {
						CreatedOnToolsVersion = 26.0;
					};
					35EC42EE2F0D9C6000FA119B = {
						CreatedOnToolsVersion = 26.0;
						TestTargetID = 35EC42D02F0D982800FA119B;
					};
					35EC43062F0D9C8D00FA119B = {
						CreatedOnToolsVersion = 26.0;
						TestTargetID = 35EC42D92F0D982A00FA119B;
					};
					35EC43132F0D9CAA00FA119B = {
						CreatedOnToolsVersion = 26.0;
						TestTargetID = 3549249B2EA9492500A3BFCC;
					};
				};
			};
			buildConfigurationList = 354924972EA9492500A3BFCC /* Build configuration list for PBXProject "HabitApp" */;
			developmentRegion = en;
			hasScannedForEncodings = 0;
			knownRegions = (
				en,
				Base,
			);
			mainGroup = 354924932EA9492500A3BFCC;
			minimizedProjectReferenceProxies = 1;
			preferredProjectObjectVersion = 77;
			productRefGroup = 3549249D2EA9492500A3BFCC /* Products */;
			projectDirPath = "";
			projectRoot = "";
			targets = (
				3549249B2EA9492500A3BFCC /* HabitApp */,
				35EC42D02F0D982800FA119B /* HabitApp-Core */,
				35EC42D92F0D982A00FA119B /* HabitApp-Standard */,
				35EC42EE2F0D9C6000FA119B /* HabitAppCoreTests */,
				35EC43062F0D9C8D00FA119B /* HabitAppStandardTests */,
				35EC43132F0D9CAA00FA119B /* HabitAppPremiumTests */,
			);
		};
/* End PBXProject section */

/* Begin PBXResourcesBuildPhase section */
		3549249A2EA9492500A3BFCC /* Resources */ = {
			isa = PBXResourcesBuildPhase;
			buildActionMask = 2147483647;
			files = (
			);
			runOnlyForDeploymentPostprocessing = 0;
		};
		35EC42D32F0D982800FA119B /* Resources */ = {
			isa = PBXResourcesBuildPhase;
			buildActionMask = 2147483647;
			files = (
			);
			runOnlyForDeploymentPostprocessing = 0;
		};
		35EC42DC2F0D982A00FA119B /* Resources */ = {
			isa = PBXResourcesBuildPhase;
			buildActionMask = 2147483647;
			files = (
			);
			runOnlyForDeploymentPostprocessing = 0;
		};
		35EC42ED2F0D9C6000FA119B /* Resources */ = {
			isa = PBXResourcesBuildPhase;
			buildActionMask = 2147483647;
			files = (
			);
			runOnlyForDeploymentPostprocessing = 0;
		};
		35EC43052F0D9C8D00FA119B /* Resources */ = {
			isa = PBXResourcesBuildPhase;
			buildActionMask = 2147483647;
			files = (
			);
			runOnlyForDeploymentPostprocessing = 0;
		};
		35EC43122F0D9CAA00FA119B /* Resources */ = {
			isa = PBXResourcesBuildPhase;
			buildActionMask = 2147483647;
			files = (
			);
			runOnlyForDeploymentPostprocessing = 0;
		};
/* End PBXResourcesBuildPhase section */

/* Begin PBXSourcesBuildPhase section */
		354924982EA9492500A3BFCC /* Sources */ = {
			isa = PBXSourcesBuildPhase;
			buildActionMask = 2147483647;
			files = (
			);
			runOnlyForDeploymentPostprocessing = 0;
		};
		35EC42D12F0D982800FA119B /* Sources */ = {
			isa = PBXSourcesBuildPhase;
			buildActionMask = 2147483647;
			files = (
			);
			runOnlyForDeploymentPostprocessing = 0;
		};
		35EC42DA2F0D982A00FA119B /* Sources */ = {
			isa = PBXSourcesBuildPhase;
			buildActionMask = 2147483647;
			files = (
			);
			runOnlyForDeploymentPostprocessing = 0;
		};
		35EC42EB2F0D9C6000FA119B /* Sources */ = {
			isa = PBXSourcesBuildPhase;
			buildActionMask = 2147483647;
			files = (
			);
			runOnlyForDeploymentPostprocessing = 0;
		};
		35EC43032F0D9C8D00FA119B /* Sources */ = {
			isa = PBXSourcesBuildPhase;
			buildActionMask = 2147483647;
			files = (
			);
			runOnlyForDeploymentPostprocessing = 0;
		};
		35EC43102F0D9CAA00FA119B /* Sources */ = {
			isa = PBXSourcesBuildPhase;
			buildActionMask = 2147483647;
			files = (
			);
			runOnlyForDeploymentPostprocessing = 0;
		};
/* End PBXSourcesBuildPhase section */

/* Begin PBXTargetDependency section */
		35B691842F1068A70027EC7A /* PBXTargetDependency */ = {
			isa = PBXTargetDependency;
			target = 3549249B2EA9492500A3BFCC /* HabitApp */;
			targetProxy = 35B691832F1068A70027EC7A /* PBXContainerItemProxy */;
		};
		35EC42F42F0D9C6000FA119B /* PBXTargetDependency */ = {
			isa = PBXTargetDependency;
			target = 35EC42D02F0D982800FA119B /* HabitApp-Core */;
			targetProxy = 35EC42F32F0D9C6000FA119B /* PBXContainerItemProxy */;
		};
		35EC430C2F0D9C8D00FA119B /* PBXTargetDependency */ = {
			isa = PBXTargetDependency;
			target = 35EC42D92F0D982A00FA119B /* HabitApp-Standard */;
			targetProxy = 35EC430B2F0D9C8D00FA119B /* PBXContainerItemProxy */;
		};
/* End PBXTargetDependency section */

/* Begin XCBuildConfiguration section */
		354924A52EA9492700A3BFCC /* Debug */ = {
			isa = XCBuildConfiguration;
			buildSettings = {
				ALWAYS_SEARCH_USER_PATHS = NO;
				ASSETCATALOG_COMPILER_GENERATE_SWIFT_ASSET_SYMBOL_EXTENSIONS = YES;
				CLANG_ANALYZER_NONNULL = YES;
				CLANG_ANALYZER_NUMBER_OBJECT_CONVERSION = YES_AGGRESSIVE;
				CLANG_CXX_LANGUAGE_STANDARD = "gnu++20";
				CLANG_ENABLE_MODULES = YES;
				CLANG_ENABLE_OBJC_ARC = YES;
				CLANG_ENABLE_OBJC_WEAK = YES;
				CLANG_WARN_BLOCK_CAPTURE_AUTORELEASING = YES;
				CLANG_WARN_BOOL_CONVERSION = YES;
				CLANG_WARN_COMMA = YES;
				CLANG_WARN_CONSTANT_CONVERSION = YES;
				CLANG_WARN_DEPRECATED_OBJC_IMPLEMENTATIONS = YES;
				CLANG_WARN_DIRECT_OBJC_ISA_USAGE = YES_ERROR;
				CLANG_WARN_DOCUMENTATION_COMMENTS = YES;
				CLANG_WARN_EMPTY_BODY = YES;
				CLANG_WARN_ENUM_CONVERSION = YES;
				CLANG_WARN_INFINITE_RECURSION = YES;
				CLANG_WARN_INT_CONVERSION = YES;
				CLANG_WARN_NON_LITERAL_NULL_CONVERSION = YES;
				CLANG_WARN_OBJC_IMPLICIT_RETAIN_SELF = YES;
				CLANG_WARN_OBJC_LITERAL_CONVERSION = YES;
				CLANG_WARN_OBJC_ROOT_CLASS = YES_ERROR;
				CLANG_WARN_QUOTED_INCLUDE_IN_FRAMEWORK_HEADER = YES;
				CLANG_WARN_RANGE_LOOP_ANALYSIS = YES;
				CLANG_WARN_STRICT_PROTOTYPES = YES;
				CLANG_WARN_SUSPICIOUS_MOVE = YES;
				CLANG_WARN_UNGUARDED_AVAILABILITY = YES_AGGRESSIVE;
				CLANG_WARN_UNREACHABLE_CODE = YES;
				CLANG_WARN__DUPLICATE_METHOD_MATCH = YES;
				COPY_PHASE_STRIP = NO;
				DEBUG_INFORMATION_FORMAT = dwarf;
				ENABLE_STRICT_OBJC_MSGSEND = YES;
				ENABLE_TESTABILITY = YES;
				ENABLE_USER_SCRIPT_SANDBOXING = YES;
				GCC_C_LANGUAGE_STANDARD = gnu17;
				GCC_DYNAMIC_NO_PIC = NO;
				GCC_NO_COMMON_BLOCKS = YES;
				GCC_OPTIMIZATION_LEVEL = 0;
				GCC_PREPROCESSOR_DEFINITIONS = (
					"DEBUG=1",
					"$(inherited)",
				);
				GCC_WARN_64_TO_32_BIT_CONVERSION = YES;
				GCC_WARN_ABOUT_RETURN_TYPE = YES_ERROR;
				GCC_WARN_UNDECLARED_SELECTOR = YES;
				GCC_WARN_UNINITIALIZED_AUTOS = YES_AGGRESSIVE;
				GCC_WARN_UNUSED_FUNCTION = YES;
				GCC_WARN_UNUSED_VARIABLE = YES;
				IPHONEOS_DEPLOYMENT_TARGET = 26.0;
				LOCALIZATION_PREFERS_STRING_CATALOGS = YES;
				MTL_ENABLE_DEBUG_INFO = INCLUDE_SOURCE;
				MTL_FAST_MATH = YES;
				ONLY_ACTIVE_ARCH = YES;
				SDKROOT = iphoneos;
				SWIFT_ACTIVE_COMPILATION_CONDITIONS = "DEBUG $(inherited) CATEGORY_FEATURE DIARY_FEATURE REMINDERS_FEATURE STATS_FEATURE STREAKS_FEATURE";
				SWIFT_OPTIMIZATION_LEVEL = "-Onone";
			};
			name = Debug;
		};
		354924A62EA9492700A3BFCC /* Release */ = {
			isa = XCBuildConfiguration;
			buildSettings = {
				ALWAYS_SEARCH_USER_PATHS = NO;
				ASSETCATALOG_COMPILER_GENERATE_SWIFT_ASSET_SYMBOL_EXTENSIONS = YES;
				CLANG_ANALYZER_NONNULL = YES;
				CLANG_ANALYZER_NUMBER_OBJECT_CONVERSION = YES_AGGRESSIVE;
				CLANG_CXX_LANGUAGE_STANDARD = "gnu++20";
				CLANG_ENABLE_MODULES = YES;
				CLANG_ENABLE_OBJC_ARC = YES;
				CLANG_ENABLE_OBJC_WEAK = YES;
				CLANG_WARN_BLOCK_CAPTURE_AUTORELEASING = YES;
				CLANG_WARN_BOOL_CONVERSION = YES;
				CLANG_WARN_COMMA = YES;
				CLANG_WARN_CONSTANT_CONVERSION = YES;
				CLANG_WARN_DEPRECATED_OBJC_IMPLEMENTATIONS = YES;
				CLANG_WARN_DIRECT_OBJC_ISA_USAGE = YES_ERROR;
				CLANG_WARN_DOCUMENTATION_COMMENTS = YES;
				CLANG_WARN_EMPTY_BODY = YES;
				CLANG_WARN_ENUM_CONVERSION = YES;
				CLANG_WARN_INFINITE_RECURSION = YES;
				CLANG_WARN_INT_CONVERSION = YES;
				CLANG_WARN_NON_LITERAL_NULL_CONVERSION = YES;
				CLANG_WARN_OBJC_IMPLICIT_RETAIN_SELF = YES;
				CLANG_WARN_OBJC_LITERAL_CONVERSION = YES;
				CLANG_WARN_OBJC_ROOT_CLASS = YES_ERROR;
				CLANG_WARN_QUOTED_INCLUDE_IN_FRAMEWORK_HEADER = YES;
				CLANG_WARN_RANGE_LOOP_ANALYSIS = YES;
				CLANG_WARN_STRICT_PROTOTYPES = YES;
				CLANG_WARN_SUSPICIOUS_MOVE = YES;
				CLANG_WARN_UNGUARDED_AVAILABILITY = YES_AGGRESSIVE;
				CLANG_WARN_UNREACHABLE_CODE = YES;
				CLANG_WARN__DUPLICATE_METHOD_MATCH = YES;
				COPY_PHASE_STRIP = NO;
				DEBUG_INFORMATION_FORMAT = "dwarf-with-dsym";
				ENABLE_NS_ASSERTIONS = NO;
				ENABLE_STRICT_OBJC_MSGSEND = YES;
				ENABLE_USER_SCRIPT_SANDBOXING = YES;
				GCC_C_LANGUAGE_STANDARD = gnu17;
				GCC_NO_COMMON_BLOCKS = YES;
				GCC_WARN_64_TO_32_BIT_CONVERSION = YES;
				GCC_WARN_ABOUT_RETURN_TYPE = YES_ERROR;
				GCC_WARN_UNDECLARED_SELECTOR = YES;
				GCC_WARN_UNINITIALIZED_AUTOS = YES_AGGRESSIVE;
				GCC_WARN_UNUSED_FUNCTION = YES;
				GCC_WARN_UNUSED_VARIABLE = YES;
				IPHONEOS_DEPLOYMENT_TARGET = 26.0;
				LOCALIZATION_PREFERS_STRING_CATALOGS = YES;
				MTL_ENABLE_DEBUG_INFO = NO;
				MTL_FAST_MATH = YES;
				SDKROOT = iphoneos;
				SWIFT_COMPILATION_MODE = wholemodule;
				VALIDATE_PRODUCT = YES;
			};
			name = Release;
		};
		354924A82EA9492700A3BFCC /* Debug */ = {
			isa = XCBuildConfiguration;
			buildSettings = {
				ASSETCATALOG_COMPILER_APPICON_NAME = AppIcon;
				ASSETCATALOG_COMPILER_GLOBAL_ACCENT_COLOR_NAME = AccentColor;
				CODE_SIGN_STYLE = Automatic;
				CURRENT_PROJECT_VERSION = 1;
				ENABLE_PREVIEWS = YES;
				GENERATE_INFOPLIST_FILE = YES;
				INFOPLIST_KEY_UIApplicationSceneManifest_Generation = YES;
				INFOPLIST_KEY_UIApplicationSupportsIndirectInputEvents = YES;
				INFOPLIST_KEY_UILaunchScreen_Generation = YES;
				INFOPLIST_KEY_UISupportedInterfaceOrientations_iPad = "UIInterfaceOrientationPortrait UIInterfaceOrientationPortraitUpsideDown UIInterfaceOrientationLandscapeLeft UIInterfaceOrientationLandscapeRight";
				INFOPLIST_KEY_UISupportedInterfaceOrientations_iPhone = "UIInterfaceOrientationPortrait UIInterfaceOrientationLandscapeLeft UIInterfaceOrientationLandscapeRight";
				LD_RUNPATH_SEARCH_PATHS = (
					"$(inherited)",
					"@executable_path/Frameworks",
				);
				MARKETING_VERSION = 1.0;
				PRODUCT_BUNDLE_IDENTIFIER = es.ual.HabitApp;
				PRODUCT_NAME = "$(TARGET_NAME)";
				STRING_CATALOG_GENERATE_SYMBOLS = YES;
				SWIFT_ACTIVE_COMPILATION_CONDITIONS = "DEBUG $(inherited) DIARY_FEATURE CATEGORY_FEATURE REMINDERS_FEATURE STATS_FEATURE STREAKS_FEATURE";
				"SWIFT_ACTIVE_COMPILATION_CONDITIONS[arch=*]" = "DEBUG $(inherited) DIARY_FEATURE CATEGORY_FEATURE REMINDERS_FEATURE STATS_FEATURE STREAKS_FEATURE";
				SWIFT_APPROACHABLE_CONCURRENCY = YES;
				SWIFT_DEFAULT_ACTOR_ISOLATION = MainActor;
				SWIFT_EMIT_LOC_STRINGS = YES;
				SWIFT_UPCOMING_FEATURE_MEMBER_IMPORT_VISIBILITY = YES;
				SWIFT_VERSION = 5.0;
				TARGETED_DEVICE_FAMILY = "1,2";
			};
			name = Debug;
		};
		354924A92EA9492700A3BFCC /* Release */ = {
			isa = XCBuildConfiguration;
			buildSettings = {
				ASSETCATALOG_COMPILER_APPICON_NAME = AppIcon;
				ASSETCATALOG_COMPILER_GLOBAL_ACCENT_COLOR_NAME = AccentColor;
				CODE_SIGN_STYLE = Automatic;
				CURRENT_PROJECT_VERSION = 1;
				ENABLE_PREVIEWS = YES;
				GENERATE_INFOPLIST_FILE = YES;
				INFOPLIST_KEY_UIApplicationSceneManifest_Generation = YES;
				INFOPLIST_KEY_UIApplicationSupportsIndirectInputEvents = YES;
				INFOPLIST_KEY_UILaunchScreen_Generation = YES;
				INFOPLIST_KEY_UISupportedInterfaceOrientations_iPad = "UIInterfaceOrientationPortrait UIInterfaceOrientationPortraitUpsideDown UIInterfaceOrientationLandscapeLeft UIInterfaceOrientationLandscapeRight";
				INFOPLIST_KEY_UISupportedInterfaceOrientations_iPhone = "UIInterfaceOrientationPortrait UIInterfaceOrientationLandscapeLeft UIInterfaceOrientationLandscapeRight";
				LD_RUNPATH_SEARCH_PATHS = (
					"$(inherited)",
					"@executable_path/Frameworks",
				);
				MARKETING_VERSION = 1.0;
				PRODUCT_BUNDLE_IDENTIFIER = es.ual.HabitApp;
				PRODUCT_NAME = "$(TARGET_NAME)";
				STRING_CATALOG_GENERATE_SYMBOLS = YES;
				SWIFT_APPROACHABLE_CONCURRENCY = YES;
				SWIFT_DEFAULT_ACTOR_ISOLATION = MainActor;
				SWIFT_EMIT_LOC_STRINGS = YES;
				SWIFT_UPCOMING_FEATURE_MEMBER_IMPORT_VISIBILITY = YES;
				SWIFT_VERSION = 5.0;
				TARGETED_DEVICE_FAMILY = "1,2";
			};
			name = Release;
		};
		35EC42D52F0D982800FA119B /* Debug */ = {
			isa = XCBuildConfiguration;
			buildSettings = {
				ASSETCATALOG_COMPILER_APPICON_NAME = AppIcon;
				ASSETCATALOG_COMPILER_GLOBAL_ACCENT_COLOR_NAME = AccentColor;
				CODE_SIGN_STYLE = Automatic;
				CURRENT_PROJECT_VERSION = 1;
				ENABLE_PREVIEWS = YES;
				"EXCLUDED_SOURCE_FILE_NAMES[arch=*]" = "HabitApp/Features/**";
				GENERATE_INFOPLIST_FILE = YES;
				INFOPLIST_KEY_UIApplicationSceneManifest_Generation = YES;
				INFOPLIST_KEY_UIApplicationSupportsIndirectInputEvents = YES;
				INFOPLIST_KEY_UILaunchScreen_Generation = YES;
				INFOPLIST_KEY_UISupportedInterfaceOrientations_iPad = "UIInterfaceOrientationPortrait UIInterfaceOrientationPortraitUpsideDown UIInterfaceOrientationLandscapeLeft UIInterfaceOrientationLandscapeRight";
				INFOPLIST_KEY_UISupportedInterfaceOrientations_iPhone = "UIInterfaceOrientationPortrait UIInterfaceOrientationLandscapeLeft UIInterfaceOrientationLandscapeRight";
				LD_RUNPATH_SEARCH_PATHS = (
					"$(inherited)",
					"@executable_path/Frameworks",
				);
				MARKETING_VERSION = 1.0;
				PRODUCT_BUNDLE_IDENTIFIER = es.ual.HabitApp;
				PRODUCT_NAME = "$(TARGET_NAME)";
				STRING_CATALOG_GENERATE_SYMBOLS = YES;
				SWIFT_ACTIVE_COMPILATION_CONDITIONS = DEBUG;
				"SWIFT_ACTIVE_COMPILATION_CONDITIONS[arch=*]" = DEBUG;
				SWIFT_APPROACHABLE_CONCURRENCY = YES;
				SWIFT_DEFAULT_ACTOR_ISOLATION = MainActor;
				SWIFT_EMIT_LOC_STRINGS = YES;
				SWIFT_UPCOMING_FEATURE_MEMBER_IMPORT_VISIBILITY = YES;
				SWIFT_VERSION = 5.0;
				TARGETED_DEVICE_FAMILY = "1,2";
			};
			name = Debug;
		};
		35EC42D62F0D982800FA119B /* Release */ = {
			isa = XCBuildConfiguration;
			buildSettings = {
				ASSETCATALOG_COMPILER_APPICON_NAME = AppIcon;
				ASSETCATALOG_COMPILER_GLOBAL_ACCENT_COLOR_NAME = AccentColor;
				CODE_SIGN_STYLE = Automatic;
				CURRENT_PROJECT_VERSION = 1;
				ENABLE_PREVIEWS = YES;
				GENERATE_INFOPLIST_FILE = YES;
				INFOPLIST_KEY_UIApplicationSceneManifest_Generation = YES;
				INFOPLIST_KEY_UIApplicationSupportsIndirectInputEvents = YES;
				INFOPLIST_KEY_UILaunchScreen_Generation = YES;
				INFOPLIST_KEY_UISupportedInterfaceOrientations_iPad = "UIInterfaceOrientationPortrait UIInterfaceOrientationPortraitUpsideDown UIInterfaceOrientationLandscapeLeft UIInterfaceOrientationLandscapeRight";
				INFOPLIST_KEY_UISupportedInterfaceOrientations_iPhone = "UIInterfaceOrientationPortrait UIInterfaceOrientationLandscapeLeft UIInterfaceOrientationLandscapeRight";
				LD_RUNPATH_SEARCH_PATHS = (
					"$(inherited)",
					"@executable_path/Frameworks",
				);
				MARKETING_VERSION = 1.0;
				PRODUCT_BUNDLE_IDENTIFIER = es.ual.HabitApp;
				PRODUCT_NAME = "$(TARGET_NAME)";
				STRING_CATALOG_GENERATE_SYMBOLS = YES;
				SWIFT_APPROACHABLE_CONCURRENCY = YES;
				SWIFT_DEFAULT_ACTOR_ISOLATION = MainActor;
				SWIFT_EMIT_LOC_STRINGS = YES;
				SWIFT_UPCOMING_FEATURE_MEMBER_IMPORT_VISIBILITY = YES;
				SWIFT_VERSION = 5.0;
				TARGETED_DEVICE_FAMILY = "1,2";
			};
			name = Release;
		};
		35EC42DE2F0D982A00FA119B /* Debug */ = {
			isa = XCBuildConfiguration;
			buildSettings = {
				ASSETCATALOG_COMPILER_APPICON_NAME = AppIcon;
				ASSETCATALOG_COMPILER_GLOBAL_ACCENT_COLOR_NAME = AccentColor;
				CODE_SIGN_STYLE = Automatic;
				CURRENT_PROJECT_VERSION = 1;
				ENABLE_PREVIEWS = YES;
				"EXCLUDED_SOURCE_FILE_NAMES[arch=*]" = "HabitApp/Features/NM_*";
				GENERATE_INFOPLIST_FILE = YES;
				INFOPLIST_KEY_UIApplicationSceneManifest_Generation = YES;
				INFOPLIST_KEY_UIApplicationSupportsIndirectInputEvents = YES;
				INFOPLIST_KEY_UILaunchScreen_Generation = YES;
				INFOPLIST_KEY_UISupportedInterfaceOrientations_iPad = "UIInterfaceOrientationPortrait UIInterfaceOrientationPortraitUpsideDown UIInterfaceOrientationLandscapeLeft UIInterfaceOrientationLandscapeRight";
				INFOPLIST_KEY_UISupportedInterfaceOrientations_iPhone = "UIInterfaceOrientationPortrait UIInterfaceOrientationLandscapeLeft UIInterfaceOrientationLandscapeRight";
				LD_RUNPATH_SEARCH_PATHS = (
					"$(inherited)",
					"@executable_path/Frameworks",
				);
				MARKETING_VERSION = 1.0;
				PRODUCT_BUNDLE_IDENTIFIER = es.ual.HabitApp;
				PRODUCT_NAME = "$(TARGET_NAME)";
				STRING_CATALOG_GENERATE_SYMBOLS = YES;
				SWIFT_ACTIVE_COMPILATION_CONDITIONS = "DEBUG $(inherited) DIARY_FEATURE CATEGORY_FEATURE REMINDERS_FEATURE STATS_FEATURE STREAKS_FEATURE";
				"SWIFT_ACTIVE_COMPILATION_CONDITIONS[arch=*]" = "DEBUG $(inherited) DIARY_FEATURE CATEGORY_FEATURE REMINDERS_FEATURE STATS_FEATURE STREAKS_FEATURE";
				SWIFT_APPROACHABLE_CONCURRENCY = YES;
				SWIFT_DEFAULT_ACTOR_ISOLATION = MainActor;
				SWIFT_EMIT_LOC_STRINGS = YES;
				SWIFT_UPCOMING_FEATURE_MEMBER_IMPORT_VISIBILITY = YES;
				SWIFT_VERSION = 5.0;
				TARGETED_DEVICE_FAMILY = "1,2";
			};
			name = Debug;
		};
		35EC42DF2F0D982A00FA119B /* Release */ = {
			isa = XCBuildConfiguration;
			buildSettings = {
				ASSETCATALOG_COMPILER_APPICON_NAME = AppIcon;
				ASSETCATALOG_COMPILER_GLOBAL_ACCENT_COLOR_NAME = AccentColor;
				CODE_SIGN_STYLE = Automatic;
				CURRENT_PROJECT_VERSION = 1;
				ENABLE_PREVIEWS = YES;
				GENERATE_INFOPLIST_FILE = YES;
				INFOPLIST_KEY_UIApplicationSceneManifest_Generation = YES;
				INFOPLIST_KEY_UIApplicationSupportsIndirectInputEvents = YES;
				INFOPLIST_KEY_UILaunchScreen_Generation = YES;
				INFOPLIST_KEY_UISupportedInterfaceOrientations_iPad = "UIInterfaceOrientationPortrait UIInterfaceOrientationPortraitUpsideDown UIInterfaceOrientationLandscapeLeft UIInterfaceOrientationLandscapeRight";
				INFOPLIST_KEY_UISupportedInterfaceOrientations_iPhone = "UIInterfaceOrientationPortrait UIInterfaceOrientationLandscapeLeft UIInterfaceOrientationLandscapeRight";
				LD_RUNPATH_SEARCH_PATHS = (
					"$(inherited)",
					"@executable_path/Frameworks",
				);
				MARKETING_VERSION = 1.0;
				PRODUCT_BUNDLE_IDENTIFIER = es.ual.HabitApp;
				PRODUCT_NAME = "$(TARGET_NAME)";
				STRING_CATALOG_GENERATE_SYMBOLS = YES;
				SWIFT_APPROACHABLE_CONCURRENCY = YES;
				SWIFT_DEFAULT_ACTOR_ISOLATION = MainActor;
				SWIFT_EMIT_LOC_STRINGS = YES;
				SWIFT_UPCOMING_FEATURE_MEMBER_IMPORT_VISIBILITY = YES;
				SWIFT_VERSION = 5.0;
				TARGETED_DEVICE_FAMILY = "1,2";
			};
			name = Release;
		};
		35EC42F62F0D9C6000FA119B /* Debug */ = {
			isa = XCBuildConfiguration;
			buildSettings = {
				BUNDLE_LOADER = "$(TEST_HOST)";
				CODE_SIGN_STYLE = Automatic;
				CURRENT_PROJECT_VERSION = 1;
				GENERATE_INFOPLIST_FILE = YES;
				MARKETING_VERSION = 1.0;
				PRODUCT_BUNDLE_IDENTIFIER = es.ual.HabitAppCoreTests;
				PRODUCT_NAME = "$(TARGET_NAME)";
				STRING_CATALOG_GENERATE_SYMBOLS = NO;
				SWIFT_ACTIVE_COMPILATION_CONDITIONS = DEBUG;
				SWIFT_APPROACHABLE_CONCURRENCY = YES;
				SWIFT_EMIT_LOC_STRINGS = NO;
				SWIFT_UPCOMING_FEATURE_MEMBER_IMPORT_VISIBILITY = YES;
				SWIFT_VERSION = 5.0;
				TARGETED_DEVICE_FAMILY = "1,2";
				TEST_HOST = "$(BUILT_PRODUCTS_DIR)/HabitApp-Core.app/$(BUNDLE_EXECUTABLE_FOLDER_PATH)/HabitApp-Core";
			};
			name = Debug;
		};
		35EC42F72F0D9C6000FA119B /* Release */ = {
			isa = XCBuildConfiguration;
			buildSettings = {
				BUNDLE_LOADER = "$(TEST_HOST)";
				CODE_SIGN_STYLE = Automatic;
				CURRENT_PROJECT_VERSION = 1;
				GENERATE_INFOPLIST_FILE = YES;
				MARKETING_VERSION = 1.0;
				PRODUCT_BUNDLE_IDENTIFIER = es.ual.HabitAppCoreTests;
				PRODUCT_NAME = "$(TARGET_NAME)";
				STRING_CATALOG_GENERATE_SYMBOLS = NO;
				SWIFT_APPROACHABLE_CONCURRENCY = YES;
				SWIFT_EMIT_LOC_STRINGS = NO;
				SWIFT_UPCOMING_FEATURE_MEMBER_IMPORT_VISIBILITY = YES;
				SWIFT_VERSION = 5.0;
				TARGETED_DEVICE_FAMILY = "1,2";
				TEST_HOST = "$(BUILT_PRODUCTS_DIR)/HabitApp-Core.app/$(BUNDLE_EXECUTABLE_FOLDER_PATH)/HabitApp-Core";
			};
			name = Release;
		};
		35EC430E2F0D9C8D00FA119B /* Debug */ = {
			isa = XCBuildConfiguration;
			buildSettings = {
				BUNDLE_LOADER = "$(TEST_HOST)";
				CODE_SIGN_STYLE = Automatic;
				CURRENT_PROJECT_VERSION = 1;
				GENERATE_INFOPLIST_FILE = YES;
				MARKETING_VERSION = 1.0;
				PRODUCT_BUNDLE_IDENTIFIER = es.ual.HabitAppStandardTests;
				PRODUCT_NAME = "$(TARGET_NAME)";
				STRING_CATALOG_GENERATE_SYMBOLS = NO;
				SWIFT_APPROACHABLE_CONCURRENCY = YES;
				SWIFT_EMIT_LOC_STRINGS = NO;
				SWIFT_UPCOMING_FEATURE_MEMBER_IMPORT_VISIBILITY = YES;
				SWIFT_VERSION = 5.0;
				TARGETED_DEVICE_FAMILY = "1,2";
				TEST_HOST = "$(BUILT_PRODUCTS_DIR)/HabitApp-Standard.app/$(BUNDLE_EXECUTABLE_FOLDER_PATH)/HabitApp-Standard";
			};
			name = Debug;
		};
		35EC430F2F0D9C8D00FA119B /* Release */ = {
			isa = XCBuildConfiguration;
			buildSettings = {
				BUNDLE_LOADER = "$(TEST_HOST)";
				CODE_SIGN_STYLE = Automatic;
				CURRENT_PROJECT_VERSION = 1;
				GENERATE_INFOPLIST_FILE = YES;
				MARKETING_VERSION = 1.0;
				PRODUCT_BUNDLE_IDENTIFIER = es.ual.HabitAppStandardTests;
				PRODUCT_NAME = "$(TARGET_NAME)";
				STRING_CATALOG_GENERATE_SYMBOLS = NO;
				SWIFT_APPROACHABLE_CONCURRENCY = YES;
				SWIFT_EMIT_LOC_STRINGS = NO;
				SWIFT_UPCOMING_FEATURE_MEMBER_IMPORT_VISIBILITY = YES;
				SWIFT_VERSION = 5.0;
				TARGETED_DEVICE_FAMILY = "1,2";
				TEST_HOST = "$(BUILT_PRODUCTS_DIR)/HabitApp-Standard.app/$(BUNDLE_EXECUTABLE_FOLDER_PATH)/HabitApp-Standard";
			};
			name = Release;
		};
		35EC431B2F0D9CAA00FA119B /* Debug */ = {
			isa = XCBuildConfiguration;
			buildSettings = {
				BUNDLE_LOADER = "$(TEST_HOST)";
				CODE_SIGN_STYLE = Automatic;
				CURRENT_PROJECT_VERSION = 1;
				GENERATE_INFOPLIST_FILE = YES;
				MARKETING_VERSION = 1.0;
				PRODUCT_BUNDLE_IDENTIFIER = es.ual.HabitAppPremiumTests;
				PRODUCT_NAME = "$(TARGET_NAME)";
				STRING_CATALOG_GENERATE_SYMBOLS = NO;
				SWIFT_ACTIVE_COMPILATION_CONDITIONS = "DEBUG $(inherited) CATEGORY_FEATURE DIARY_FEATURE REMINDERS_FEATURE STATS_FEATURE STREAKS_FEATURE EXPANDED_FREQUENCY_FEATURE PAUSE_DAY_FEATURE HABIT_TYPE_FEATURE";
				SWIFT_APPROACHABLE_CONCURRENCY = YES;
				SWIFT_EMIT_LOC_STRINGS = NO;
				SWIFT_UPCOMING_FEATURE_MEMBER_IMPORT_VISIBILITY = YES;
				SWIFT_VERSION = 5.0;
				TARGETED_DEVICE_FAMILY = "1,2";
				TEST_HOST = "$(BUILT_PRODUCTS_DIR)/HabitApp.app/$(BUNDLE_EXECUTABLE_FOLDER_PATH)/HabitApp";
			};
			name = Debug;
		};
		35EC431C2F0D9CAA00FA119B /* Release */ = {
			isa = XCBuildConfiguration;
			buildSettings = {
				BUNDLE_LOADER = "$(TEST_HOST)";
				CODE_SIGN_STYLE = Automatic;
				CURRENT_PROJECT_VERSION = 1;
				GENERATE_INFOPLIST_FILE = YES;
				MARKETING_VERSION = 1.0;
				PRODUCT_BUNDLE_IDENTIFIER = es.ual.HabitAppPremiumTests;
				PRODUCT_NAME = "$(TARGET_NAME)";
				STRING_CATALOG_GENERATE_SYMBOLS = NO;
				SWIFT_APPROACHABLE_CONCURRENCY = YES;
				SWIFT_EMIT_LOC_STRINGS = NO;
				SWIFT_UPCOMING_FEATURE_MEMBER_IMPORT_VISIBILITY = YES;
				SWIFT_VERSION = 5.0;
				TARGETED_DEVICE_FAMILY = "1,2";
				TEST_HOST = "$(BUILT_PRODUCTS_DIR)/HabitApp.app/$(BUNDLE_EXECUTABLE_FOLDER_PATH)/HabitApp";
			};
			name = Release;
		};
/* End XCBuildConfiguration section */

/* Begin XCConfigurationList section */
		354924972EA9492500A3BFCC /* Build configuration list for PBXProject "HabitApp" */ = {
			isa = XCConfigurationList;
			buildConfigurations = (
				354924A52EA9492700A3BFCC /* Debug */,
				354924A62EA9492700A3BFCC /* Release */,
			);
			defaultConfigurationIsVisible = 0;
			defaultConfigurationName = Release;
		};
		354924A72EA9492700A3BFCC /* Build configuration list for PBXNativeTarget "HabitApp" */ = {
			isa = XCConfigurationList;
			buildConfigurations = (
				354924A82EA9492700A3BFCC /* Debug */,
				354924A92EA9492700A3BFCC /* Release */,
			);
			defaultConfigurationIsVisible = 0;
			defaultConfigurationName = Release;
		};
		35EC42D42F0D982800FA119B /* Build configuration list for PBXNativeTarget "HabitApp-Core" */ = {
			isa = XCConfigurationList;
			buildConfigurations = (
				35EC42D52F0D982800FA119B /* Debug */,
				35EC42D62F0D982800FA119B /* Release */,
			);
			defaultConfigurationIsVisible = 0;
			defaultConfigurationName = Release;
		};
		35EC42DD2F0D982A00FA119B /* Build configuration list for PBXNativeTarget "HabitApp-Standard" */ = {
			isa = XCConfigurationList;
			buildConfigurations = (
				35EC42DE2F0D982A00FA119B /* Debug */,
				35EC42DF2F0D982A00FA119B /* Release */,
			);
			defaultConfigurationIsVisible = 0;
			defaultConfigurationName = Release;
		};
		35EC42F52F0D9C6000FA119B /* Build configuration list for PBXNativeTarget "HabitAppCoreTests" */ = {
			isa = XCConfigurationList;
			buildConfigurations = (
				35EC42F62F0D9C6000FA119B /* Debug */,
				35EC42F72F0D9C6000FA119B /* Release */,
			);
			defaultConfigurationIsVisible = 0;
			defaultConfigurationName = Release;
		};
		35EC430D2F0D9C8D00FA119B /* Build configuration list for PBXNativeTarget "HabitAppStandardTests" */ = {
			isa = XCConfigurationList;
			buildConfigurations = (
				35EC430E2F0D9C8D00FA119B /* Debug */,
				35EC430F2F0D9C8D00FA119B /* Release */,
			);
			defaultConfigurationIsVisible = 0;
			defaultConfigurationName = Release;
		};
		35EC431A2F0D9CAA00FA119B /* Build configuration list for PBXNativeTarget "HabitAppPremiumTests" */ = {
			isa = XCConfigurationList;
			buildConfigurations = (
				35EC431B2F0D9CAA00FA119B /* Debug */,
				35EC431C2F0D9CAA00FA119B /* Release */,
			);
			defaultConfigurationIsVisible = 0;
			defaultConfigurationName = Release;
		};
/* End XCConfigurationList section */
	};
	rootObject = 354924942EA9492500A3BFCC /* Project object */;
}
